{
  "requires": true,
  "lockfileVersion": 1,
  "dependencies": {
    "dom-walk": {
      "version": "0.1.1",
      "resolved": "https://registry.npmjs.org/dom-walk/-/dom-walk-0.1.1.tgz",
      "integrity": "sha1-ZyIm3HTI95mtNTB9+TaroRrNYBg="
    },
    "global": {
      "version": "4.3.2",
      "resolved": "https://registry.npmjs.org/global/-/global-4.3.2.tgz",
      "integrity": "sha1-52mJJopsdMOJCLEwWxD8DjlOnQ8=",
      "requires": {
        "min-document": "^2.19.0",
        "process": "~0.5.1"
      }
    },
    "min-document": {
      "version": "2.19.0",
      "resolved": "https://registry.npmjs.org/min-document/-/min-document-2.19.0.tgz",
      "integrity": "sha1-e9KC4/WELtKVu3SM3Z8f+iyCRoU=",
      "requires": {
        "dom-walk": "^0.1.0"
      }
    },
    "process": {
      "version": "0.5.2",
      "resolved": "https://registry.npmjs.org/process/-/process-0.5.2.tgz",
      "integrity": "sha1-FjjYqONML0QKkduVq5rrZ3/Bhc8="
    },
    "vue": {
      "version": "2.6.7",
      "resolved": "https://registry.npmjs.org/vue/-/vue-2.6.7.tgz",
      "integrity": "sha512-g7ADfQ82QU+j6F/bVDioVQf2ccIMYLuR4E8ev+RsDBlmwRkhGO3HhgF4PF9vpwjdPpxyb1zzLur2nQ2oIMAMEg=="
    },
    "vue-carousel": {
      "version": "0.18.0-alpha",
      "resolved": "https://registry.npmjs.org/vue-carousel/-/vue-carousel-0.18.0-alpha.tgz",
      "integrity": "sha512-4sS4UuSYwZ4aOaA6YRCjS/FYRcxnJ4YVC7TV3osiZb8ncnuPnGK17OPMarvovKOa/hno3ohza4BaD7WTnxKgaA==",
      "requires": {
        "global": "^4.3.2",
        "regenerator-runtime": "^0.12.1",
        "vue": "^2.5.17"
      },
      "dependencies": {
        "regenerator-runtime": {
          "version": "0.12.1",
          "resolved": "https://registry.npmjs.org/regenerator-runtime/-/regenerator-runtime-0.12.1.tgz",
          "integrity": "sha512-odxIc1/vDlo4iZcfXqRYFj0vpXFNoGdKMAUieAlFYO6m/nl5e9KR/beGf41z4a1FI+aQgtjhuaSlDxQ0hmkrHg=="
        }
      }
    }
  }
}
